Microsoft Visual Studio Solution File, Format Version 11.00
# Visual Studio 2008

Project("{0D6F9214-BFA4-4C71-E59D-4D605C50B5D0}") = "VR_Hospital_Proving_Ground", "Assembly-CSharp.csproj", "{80AC363A-746C-F08A-81B5-116CAB2E7E51}"
EndProject
Project("{0D6F9214-BFA4-4C71-E59D-4D605C50B5D0}") = "VR_Hospital_Proving_Ground", "Assembly-CSharp-Editor.csproj", "{1F9337A6-ABC6-1656-54BC-84487F2AA989}"
EndProject
Global
	GlobalSection(SolutionConfigurationPlatforms) = preSolution
		Debug|Any CPU = Debug|Any CPU
		Release|Any CPU = Release|Any CPU
	EndGlobalSection
	GlobalSection(ProjectConfigurationPlatforms) = postSolution
		{80AC363A-746C-F08A-81B5-116CAB2E7E51}.Debug|Any CPU.ActiveCfg = Debug|Any CPU
		{80AC363A-746C-F08A-81B5-116CAB2E7E51}.Debug|Any CPU.Build.0 = Debug|Any CPU
		{80AC363A-746C-F08A-81B5-116CAB2E7E51}.Release|Any CPU.ActiveCfg = Release|Any CPU
		{80AC363A-746C-F08A-81B5-116CAB2E7E51}.Release|Any CPU.Build.0 = Release|Any CPU
		{1F9337A6-ABC6-1656-54BC-84487F2AA989}.Debug|Any CPU.ActiveCfg = Debug|Any CPU
		{1F9337A6-ABC6-1656-54BC-84487F2AA989}.Debug|Any CPU.Build.0 = Debug|Any CPU
		{1F9337A6-ABC6-1656-54BC-84487F2AA989}.Release|Any CPU.ActiveCfg = Release|Any CPU
		{1F9337A6-ABC6-1656-54BC-84487F2AA989}.Release|Any CPU.Build.0 = Release|Any CPU
	EndGlobalSection
	GlobalSection(SolutionProperties) = preSolution
		HideSolutionNode = FALSE
	EndGlobalSection
	GlobalSection(MonoDevelopProperties) = preSolution
		StartupItem = Assembly-CSharp.csproj
	EndGlobalSection
EndGlobal
