Microsoft Visual Studio Solution File, Format Version 11.00
# Visual Studio 2008

Project("{1B078891-79B0-AAB8-655B-0424C3FD8956}") = "VRbuildA", "Assembly-CSharp.csproj", "{933E9849-E19D-6440-CB0D-1E6144BD3276}"
EndProject
Project("{1B078891-79B0-AAB8-655B-0424C3FD8956}") = "VRbuildA", "Assembly-CSharp-Editor.csproj", "{0BF8B878-815F-1AFA-163B-543A90EFD04E}"
EndProject
Global
	GlobalSection(SolutionConfigurationPlatforms) = preSolution
		Debug|Any CPU = Debug|Any CPU
		Release|Any CPU = Release|Any CPU
	EndGlobalSection
	GlobalSection(ProjectConfigurationPlatforms) = postSolution
		{933E9849-E19D-6440-CB0D-1E6144BD3276}.Debug|Any CPU.ActiveCfg = Debug|Any CPU
		{933E9849-E19D-6440-CB0D-1E6144BD3276}.Debug|Any CPU.Build.0 = Debug|Any CPU
		{933E9849-E19D-6440-CB0D-1E6144BD3276}.Release|Any CPU.ActiveCfg = Release|Any CPU
		{933E9849-E19D-6440-CB0D-1E6144BD3276}.Release|Any CPU.Build.0 = Release|Any CPU
		{0BF8B878-815F-1AFA-163B-543A90EFD04E}.Debug|Any CPU.ActiveCfg = Debug|Any CPU
		{0BF8B878-815F-1AFA-163B-543A90EFD04E}.Debug|Any CPU.Build.0 = Debug|Any CPU
		{0BF8B878-815F-1AFA-163B-543A90EFD04E}.Release|Any CPU.ActiveCfg = Release|Any CPU
		{0BF8B878-815F-1AFA-163B-543A90EFD04E}.Release|Any CPU.Build.0 = Release|Any CPU
	EndGlobalSection
	GlobalSection(SolutionProperties) = preSolution
		HideSolutionNode = FALSE
	EndGlobalSection
			GlobalSection(MonoDevelopProperties) = preSolution
		StartupItem = Assembly-CSharp.csproj
		Policies = $0
		$0.TextStylePolicy = $1
		$1.inheritsSet = null
		$1.scope = text/x-csharp
		$0.CSharpFormattingPolicy = $2
		$2.inheritsSet = Mono
		$2.inheritsScope = text/x-csharp
		$2.scope = text/x-csharp
		$0.TextStylePolicy = $3
		$3.FileWidth = 120
		$3.TabWidth = 4
		$3.IndentWidth = 4
		$3.EolMarker = Unix
		$3.inheritsSet = Mono
		$3.inheritsScope = text/plain
		$3.scope = text/plain
	EndGlobalSection
EndGlobal
